
Microsoft Visual Studio Solution File, Format Version 12.00
# Visual Studio 15
VisualStudioVersion = 15.0.27703.2018
MinimumVisualStudioVersion = 10.0.40219.1
Project("{8BC9CEB8-8B4A-11D0-8D11-00A0C91BC942}") = "tinypath", "tinypath.vcxproj", "{67F9DD3E-9035-4033-82B9-933AEF089C4A}"
EndProject
Project("{8BC9CEB8-8B4A-11D0-8D11-00A0C91BC942}") = "tinyxml2", "..\..\tinyxml2\tinyxml2\tinyxml2.vcxproj", "{D1C528B6-AA02-4D29-9D61-DC08E317A70D}"
EndProject
Project("{8BC9CEB8-8B4A-11D0-8D11-00A0C91BC942}") = "tinyapp", "..\tinyapp\tinyapp.vcxproj", "{D3924670-9C65-415F-927A-3AA53087D7C6}"
EndProject
Global
	GlobalSection(SolutionConfigurationPlatforms) = preSolution
		Debug|x64 = Debug|x64
		Debug|x86 = Debug|x86
		Debug-Dll|x64 = Debug-Dll|x64
		Debug-Dll|x86 = Debug-Dll|x86
		Debug-Lib|x64 = Debug-Lib|x64
		Debug-Lib|x86 = Debug-Lib|x86
		Release|x64 = Release|x64
		Release|x86 = Release|x86
		Release-Dll|x64 = Release-Dll|x64
		Release-Dll|x86 = Release-Dll|x86
		Release-Lib|x64 = Release-Lib|x64
		Release-Lib|x86 = Release-Lib|x86
	EndGlobalSection
	GlobalSection(ProjectConfigurationPlatforms) = postSolution
		{67F9DD3E-9035-4033-82B9-933AEF089C4A}.Debug|x64.ActiveCfg = Debug|x64
		{67F9DD3E-9035-4033-82B9-933AEF089C4A}.Debug|x64.Build.0 = Debug|x64
		{67F9DD3E-9035-4033-82B9-933AEF089C4A}.Debug|x86.ActiveCfg = Debug|Win32
		{67F9DD3E-9035-4033-82B9-933AEF089C4A}.Debug|x86.Build.0 = Debug|Win32
		{67F9DD3E-9035-4033-82B9-933AEF089C4A}.Debug-Dll|x64.ActiveCfg = Debug|x64
		{67F9DD3E-9035-4033-82B9-933AEF089C4A}.Debug-Dll|x64.Build.0 = Debug|x64
		{67F9DD3E-9035-4033-82B9-933AEF089C4A}.Debug-Dll|x86.ActiveCfg = Debug|Win32
		{67F9DD3E-9035-4033-82B9-933AEF089C4A}.Debug-Dll|x86.Build.0 = Debug|Win32
		{67F9DD3E-9035-4033-82B9-933AEF089C4A}.Debug-Lib|x64.ActiveCfg = Debug|x64
		{67F9DD3E-9035-4033-82B9-933AEF089C4A}.Debug-Lib|x64.Build.0 = Debug|x64
		{67F9DD3E-9035-4033-82B9-933AEF089C4A}.Debug-Lib|x86.ActiveCfg = Debug|Win32
		{67F9DD3E-9035-4033-82B9-933AEF089C4A}.Debug-Lib|x86.Build.0 = Debug|Win32
		{67F9DD3E-9035-4033-82B9-933AEF089C4A}.Release|x64.ActiveCfg = Release|x64
		{67F9DD3E-9035-4033-82B9-933AEF089C4A}.Release|x64.Build.0 = Release|x64
		{67F9DD3E-9035-4033-82B9-933AEF089C4A}.Release|x86.ActiveCfg = Release|Win32
		{67F9DD3E-9035-4033-82B9-933AEF089C4A}.Release|x86.Build.0 = Release|Win32
		{67F9DD3E-9035-4033-82B9-933AEF089C4A}.Release-Dll|x64.ActiveCfg = Release|x64
		{67F9DD3E-9035-4033-82B9-933AEF089C4A}.Release-Dll|x64.Build.0 = Release|x64
		{67F9DD3E-9035-4033-82B9-933AEF089C4A}.Release-Dll|x86.ActiveCfg = Release|Win32
		{67F9DD3E-9035-4033-82B9-933AEF089C4A}.Release-Dll|x86.Build.0 = Release|Win32
		{67F9DD3E-9035-4033-82B9-933AEF089C4A}.Release-Lib|x64.ActiveCfg = Release|x64
		{67F9DD3E-9035-4033-82B9-933AEF089C4A}.Release-Lib|x64.Build.0 = Release|x64
		{67F9DD3E-9035-4033-82B9-933AEF089C4A}.Release-Lib|x86.ActiveCfg = Release|Win32
		{67F9DD3E-9035-4033-82B9-933AEF089C4A}.Release-Lib|x86.Build.0 = Release|Win32
		{D1C528B6-AA02-4D29-9D61-DC08E317A70D}.Debug|x64.ActiveCfg = Debug-Dll|x64
		{D1C528B6-AA02-4D29-9D61-DC08E317A70D}.Debug|x64.Build.0 = Debug-Dll|x64
		{D1C528B6-AA02-4D29-9D61-DC08E317A70D}.Debug|x86.ActiveCfg = Debug-Dll|Win32
		{D1C528B6-AA02-4D29-9D61-DC08E317A70D}.Debug|x86.Build.0 = Debug-Dll|Win32
		{D1C528B6-AA02-4D29-9D61-DC08E317A70D}.Debug-Dll|x64.ActiveCfg = Debug-Dll|x64
		{D1C528B6-AA02-4D29-9D61-DC08E317A70D}.Debug-Dll|x64.Build.0 = Debug-Dll|x64
		{D1C528B6-AA02-4D29-9D61-DC08E317A70D}.Debug-Dll|x86.ActiveCfg = Debug-Dll|Win32
		{D1C528B6-AA02-4D29-9D61-DC08E317A70D}.Debug-Dll|x86.Build.0 = Debug-Dll|Win32
		{D1C528B6-AA02-4D29-9D61-DC08E317A70D}.Debug-Lib|x64.ActiveCfg = Debug-Lib|x64
		{D1C528B6-AA02-4D29-9D61-DC08E317A70D}.Debug-Lib|x64.Build.0 = Debug-Lib|x64
		{D1C528B6-AA02-4D29-9D61-DC08E317A70D}.Debug-Lib|x86.ActiveCfg = Debug-Lib|Win32
		{D1C528B6-AA02-4D29-9D61-DC08E317A70D}.Debug-Lib|x86.Build.0 = Debug-Lib|Win32
		{D1C528B6-AA02-4D29-9D61-DC08E317A70D}.Release|x64.ActiveCfg = Release-Lib|x64
		{D1C528B6-AA02-4D29-9D61-DC08E317A70D}.Release|x64.Build.0 = Release-Lib|x64
		{D1C528B6-AA02-4D29-9D61-DC08E317A70D}.Release|x86.ActiveCfg = Release-Lib|Win32
		{D1C528B6-AA02-4D29-9D61-DC08E317A70D}.Release|x86.Build.0 = Release-Lib|Win32
		{D1C528B6-AA02-4D29-9D61-DC08E317A70D}.Release-Dll|x64.ActiveCfg = Release-Dll|x64
		{D1C528B6-AA02-4D29-9D61-DC08E317A70D}.Release-Dll|x64.Build.0 = Release-Dll|x64
		{D1C528B6-AA02-4D29-9D61-DC08E317A70D}.Release-Dll|x86.ActiveCfg = Release-Dll|Win32
		{D1C528B6-AA02-4D29-9D61-DC08E317A70D}.Release-Dll|x86.Build.0 = Release-Dll|Win32
		{D1C528B6-AA02-4D29-9D61-DC08E317A70D}.Release-Lib|x64.ActiveCfg = Release-Lib|x64
		{D1C528B6-AA02-4D29-9D61-DC08E317A70D}.Release-Lib|x64.Build.0 = Release-Lib|x64
		{D1C528B6-AA02-4D29-9D61-DC08E317A70D}.Release-Lib|x86.ActiveCfg = Release-Lib|Win32
		{D1C528B6-AA02-4D29-9D61-DC08E317A70D}.Release-Lib|x86.Build.0 = Release-Lib|Win32
		{D3924670-9C65-415F-927A-3AA53087D7C6}.Debug|x64.ActiveCfg = Debug|x64
		{D3924670-9C65-415F-927A-3AA53087D7C6}.Debug|x64.Build.0 = Debug|x64
		{D3924670-9C65-415F-927A-3AA53087D7C6}.Debug|x86.ActiveCfg = Debug|Win32
		{D3924670-9C65-415F-927A-3AA53087D7C6}.Debug|x86.Build.0 = Debug|Win32
		{D3924670-9C65-415F-927A-3AA53087D7C6}.Debug-Dll|x64.ActiveCfg = Debug|x64
		{D3924670-9C65-415F-927A-3AA53087D7C6}.Debug-Dll|x64.Build.0 = Debug|x64
		{D3924670-9C65-415F-927A-3AA53087D7C6}.Debug-Dll|x86.ActiveCfg = Debug|Win32
		{D3924670-9C65-415F-927A-3AA53087D7C6}.Debug-Dll|x86.Build.0 = Debug|Win32
		{D3924670-9C65-415F-927A-3AA53087D7C6}.Debug-Lib|x64.ActiveCfg = Debug|x64
		{D3924670-9C65-415F-927A-3AA53087D7C6}.Debug-Lib|x64.Build.0 = Debug|x64
		{D3924670-9C65-415F-927A-3AA53087D7C6}.Debug-Lib|x86.ActiveCfg = Debug|Win32
		{D3924670-9C65-415F-927A-3AA53087D7C6}.Debug-Lib|x86.Build.0 = Debug|Win32
		{D3924670-9C65-415F-927A-3AA53087D7C6}.Release|x64.ActiveCfg = Release|x64
		{D3924670-9C65-415F-927A-3AA53087D7C6}.Release|x64.Build.0 = Release|x64
		{D3924670-9C65-415F-927A-3AA53087D7C6}.Release|x86.ActiveCfg = Release|Win32
		{D3924670-9C65-415F-927A-3AA53087D7C6}.Release|x86.Build.0 = Release|Win32
		{D3924670-9C65-415F-927A-3AA53087D7C6}.Release-Dll|x64.ActiveCfg = Release|x64
		{D3924670-9C65-415F-927A-3AA53087D7C6}.Release-Dll|x64.Build.0 = Release|x64
		{D3924670-9C65-415F-927A-3AA53087D7C6}.Release-Dll|x86.ActiveCfg = Release|Win32
		{D3924670-9C65-415F-927A-3AA53087D7C6}.Release-Dll|x86.Build.0 = Release|Win32
		{D3924670-9C65-415F-927A-3AA53087D7C6}.Release-Lib|x64.ActiveCfg = Release|x64
		{D3924670-9C65-415F-927A-3AA53087D7C6}.Release-Lib|x64.Build.0 = Release|x64
		{D3924670-9C65-415F-927A-3AA53087D7C6}.Release-Lib|x86.ActiveCfg = Release|Win32
		{D3924670-9C65-415F-927A-3AA53087D7C6}.Release-Lib|x86.Build.0 = Release|Win32
	EndGlobalSection
	GlobalSection(SolutionProperties) = preSolution
		HideSolutionNode = FALSE
	EndGlobalSection
	GlobalSection(ExtensibilityGlobals) = postSolution
		SolutionGuid = {CD18E3F0-8B43-42C4-AFBD-F19B2EC5AEE3}
	EndGlobalSection
EndGlobal
